
Microsoft Visual Studio Solution File, Format Version 12.00
# Visual Studio Version 17
VisualStudioVersion = 17.14.36429.23 d17.14
MinimumVisualStudioVersion = 10.0.40219.1
Project("{FAE04EC0-301F-11D3-BF4B-00C04F79EFBC}") = "Actividad1Practica2", "Actividad1Practica2\Actividad1Practica2.csproj", "{104B0FD6-FC44-4935-B2A3-896927914396}"
EndProject
Global
	GlobalSection(SolutionConfigurationPlatforms) = preSolution
		Debug|Any CPU = Debug|Any CPU
		Release|Any CPU = Release|Any CPU
	EndGlobalSection
	GlobalSection(ProjectConfigurationPlatforms) = postSolution
		{104B0FD6-FC44-4935-B2A3-896927914396}.Debug|Any CPU.ActiveCfg = Debug|Any CPU
		{104B0FD6-FC44-4935-B2A3-896927914396}.Debug|Any CPU.Build.0 = Debug|Any CPU
		{104B0FD6-FC44-4935-B2A3-896927914396}.Release|Any CPU.ActiveCfg = Release|Any CPU
		{104B0FD6-FC44-4935-B2A3-896927914396}.Release|Any CPU.Build.0 = Release|Any CPU
	EndGlobalSection
	GlobalSection(SolutionProperties) = preSolution
		HideSolutionNode = FALSE
	EndGlobalSection
	GlobalSection(ExtensibilityGlobals) = postSolution
		SolutionGuid = {12BB59EE-4E0C-45B5-8D1D-06347DF17C23}
	EndGlobalSection
EndGlobal
